{
  "requires": true,
  "lockfileVersion": 1,
  "dependencies": {
    "random-status-lines": {
      "version": "1.0.4",
      "resolved": "https://registry.npmjs.org/random-status-lines/-/random-status-lines-1.0.4.tgz",
      "integrity": "sha512-65QzEUfwIpSKTEUD/adR+M43KU5Ue5dM4S7lOFKxYaDQoRG4XVI24Ps2VwnthA/QsM1Dm5P7hVc9KFf1Wl++nA=="
    }
  }
}
